
Microsoft Visual Studio Solution File, Format Version 11.00
# Visual Studio 2010
Project("{FAE04EC0-301F-11D3-BF4B-00C04F79EFBC}") = "Assembly-CSharp", "Assembly-CSharp.csproj", "{48EF9655-DBB4-38F5-75C3-2345A641C601}"
EndProject
Project("{FAE04EC0-301F-11D3-BF4B-00C04F79EFBC}") = "Assembly-CSharp-firstpass", "Assembly-CSharp-firstpass.csproj", "{3925F61F-74FE-FB3A-95CC-1F8298E69D4D}"
EndProject
Project("{FAE04EC0-301F-11D3-BF4B-00C04F79EFBC}") = "Assembly-CSharp-Editor-firstpass", "Assembly-CSharp-Editor-firstpass.csproj", "{D985C546-9214-4F95-D931-2823E61B6FC1}"
EndProject
Global
	GlobalSection(SolutionConfigurationPlatforms) = preSolution
		Debug|Any CPU = Debug|Any CPU
		Release|Any CPU = Release|Any CPU
	EndGlobalSection
	GlobalSection(ProjectConfigurationPlatforms) = postSolution
		{48EF9655-DBB4-38F5-75C3-2345A641C601}.Debug|Any CPU.ActiveCfg = Debug|Any CPU
		{48EF9655-DBB4-38F5-75C3-2345A641C601}.Debug|Any CPU.Build.0 = Debug|Any CPU
		{48EF9655-DBB4-38F5-75C3-2345A641C601}.Release|Any CPU.ActiveCfg = Release|Any CPU
		{48EF9655-DBB4-38F5-75C3-2345A641C601}.Release|Any CPU.Build.0 = Release|Any CPU
		{3925F61F-74FE-FB3A-95CC-1F8298E69D4D}.Debug|Any CPU.ActiveCfg = Debug|Any CPU
		{3925F61F-74FE-FB3A-95CC-1F8298E69D4D}.Debug|Any CPU.Build.0 = Debug|Any CPU
		{3925F61F-74FE-FB3A-95CC-1F8298E69D4D}.Release|Any CPU.ActiveCfg = Release|Any CPU
		{3925F61F-74FE-FB3A-95CC-1F8298E69D4D}.Release|Any CPU.Build.0 = Release|Any CPU
		{D985C546-9214-4F95-D931-2823E61B6FC1}.Debug|Any CPU.ActiveCfg = Debug|Any CPU
		{D985C546-9214-4F95-D931-2823E61B6FC1}.Debug|Any CPU.Build.0 = Debug|Any CPU
		{D985C546-9214-4F95-D931-2823E61B6FC1}.Release|Any CPU.ActiveCfg = Release|Any CPU
		{D985C546-9214-4F95-D931-2823E61B6FC1}.Release|Any CPU.Build.0 = Release|Any CPU
	EndGlobalSection
	GlobalSection(SolutionProperties) = preSolution
		HideSolutionNode = FALSE
	EndGlobalSection
	GlobalSection(MonoDevelopProperties) = preSolution
		StartupItem = Assembly-CSharp.csproj
	EndGlobalSection
EndGlobal
